
Microsoft Visual Studio Solution File, Format Version 12.00
# Visual Studio Version 17
VisualStudioVersion = 17.8.34330.188
MinimumVisualStudioVersion = 10.0.40219.1
Project("{2150E333-8FDC-42A3-9474-1A3956D46DE8}") = "src", "src", "{91F73118-5ABB-4FF2-9836-713028653759}"
EndProject
Project("{2150E333-8FDC-42A3-9474-1A3956D46DE8}") = "ports", "ports", "{D9931830-51CF-407A-AF68-4FAA5F2A16BF}"
EndProject
Project("{2150E333-8FDC-42A3-9474-1A3956D46DE8}") = "adapters", "adapters", "{6582FE6E-32F6-4607-A61D-58D861B10A2A}"
EndProject
Project("{2150E333-8FDC-42A3-9474-1A3956D46DE8}") = "core", "core", "{5C0DBEE3-A567-4C2D-AA9D-F20A5CCC614B}"
EndProject
Project("{FAE04EC0-301F-11D3-BF4B-00C04F79EFBC}") = "API", "src\ports\API\API.csproj", "{34ABBB97-8C0C-4301-97A2-740826BCB7AF}"
EndProject
Project("{FAE04EC0-301F-11D3-BF4B-00C04F79EFBC}") = "SQLServer", "src\adapters\SQLServer\SQLServer.csproj", "{3219E281-0540-4CA5-AC96-77D895A3A39E}"
EndProject
Project("{FAE04EC0-301F-11D3-BF4B-00C04F79EFBC}") = "Domain", "src\core\Domain\Domain.csproj", "{429533BE-429F-420D-846F-7141A9F6CBF0}"
EndProject
Project("{FAE04EC0-301F-11D3-BF4B-00C04F79EFBC}") = "Shared", "src\core\Shared\Shared.csproj", "{9091B559-27C7-4429-9D74-4177FA40E156}"
EndProject
Project("{FAE04EC0-301F-11D3-BF4B-00C04F79EFBC}") = "Application", "src\core\Application\Application.csproj", "{B52A0AD4-6015-4526-92B1-66D6A13DCCFD}"
EndProject
Global
	GlobalSection(SolutionConfigurationPlatforms) = preSolution
		Debug|Any CPU = Debug|Any CPU
		Release|Any CPU = Release|Any CPU
	EndGlobalSection
	GlobalSection(ProjectConfigurationPlatforms) = postSolution
		{34ABBB97-8C0C-4301-97A2-740826BCB7AF}.Debug|Any CPU.ActiveCfg = Debug|Any CPU
		{34ABBB97-8C0C-4301-97A2-740826BCB7AF}.Debug|Any CPU.Build.0 = Debug|Any CPU
		{34ABBB97-8C0C-4301-97A2-740826BCB7AF}.Release|Any CPU.ActiveCfg = Release|Any CPU
		{34ABBB97-8C0C-4301-97A2-740826BCB7AF}.Release|Any CPU.Build.0 = Release|Any CPU
		{3219E281-0540-4CA5-AC96-77D895A3A39E}.Debug|Any CPU.ActiveCfg = Debug|Any CPU
		{3219E281-0540-4CA5-AC96-77D895A3A39E}.Debug|Any CPU.Build.0 = Debug|Any CPU
		{3219E281-0540-4CA5-AC96-77D895A3A39E}.Release|Any CPU.ActiveCfg = Release|Any CPU
		{3219E281-0540-4CA5-AC96-77D895A3A39E}.Release|Any CPU.Build.0 = Release|Any CPU
		{429533BE-429F-420D-846F-7141A9F6CBF0}.Debug|Any CPU.ActiveCfg = Debug|Any CPU
		{429533BE-429F-420D-846F-7141A9F6CBF0}.Debug|Any CPU.Build.0 = Debug|Any CPU
		{429533BE-429F-420D-846F-7141A9F6CBF0}.Release|Any CPU.ActiveCfg = Release|Any CPU
		{429533BE-429F-420D-846F-7141A9F6CBF0}.Release|Any CPU.Build.0 = Release|Any CPU
		{9091B559-27C7-4429-9D74-4177FA40E156}.Debug|Any CPU.ActiveCfg = Debug|Any CPU
		{9091B559-27C7-4429-9D74-4177FA40E156}.Debug|Any CPU.Build.0 = Debug|Any CPU
		{9091B559-27C7-4429-9D74-4177FA40E156}.Release|Any CPU.ActiveCfg = Release|Any CPU
		{9091B559-27C7-4429-9D74-4177FA40E156}.Release|Any CPU.Build.0 = Release|Any CPU
		{B52A0AD4-6015-4526-92B1-66D6A13DCCFD}.Debug|Any CPU.ActiveCfg = Debug|Any CPU
		{B52A0AD4-6015-4526-92B1-66D6A13DCCFD}.Debug|Any CPU.Build.0 = Debug|Any CPU
		{B52A0AD4-6015-4526-92B1-66D6A13DCCFD}.Release|Any CPU.ActiveCfg = Release|Any CPU
		{B52A0AD4-6015-4526-92B1-66D6A13DCCFD}.Release|Any CPU.Build.0 = Release|Any CPU
	EndGlobalSection
	GlobalSection(SolutionProperties) = preSolution
		HideSolutionNode = FALSE
	EndGlobalSection
	GlobalSection(NestedProjects) = preSolution
		{D9931830-51CF-407A-AF68-4FAA5F2A16BF} = {91F73118-5ABB-4FF2-9836-713028653759}
		{6582FE6E-32F6-4607-A61D-58D861B10A2A} = {91F73118-5ABB-4FF2-9836-713028653759}
		{5C0DBEE3-A567-4C2D-AA9D-F20A5CCC614B} = {91F73118-5ABB-4FF2-9836-713028653759}
		{34ABBB97-8C0C-4301-97A2-740826BCB7AF} = {D9931830-51CF-407A-AF68-4FAA5F2A16BF}
		{3219E281-0540-4CA5-AC96-77D895A3A39E} = {6582FE6E-32F6-4607-A61D-58D861B10A2A}
		{429533BE-429F-420D-846F-7141A9F6CBF0} = {5C0DBEE3-A567-4C2D-AA9D-F20A5CCC614B}
		{9091B559-27C7-4429-9D74-4177FA40E156} = {5C0DBEE3-A567-4C2D-AA9D-F20A5CCC614B}
		{B52A0AD4-6015-4526-92B1-66D6A13DCCFD} = {5C0DBEE3-A567-4C2D-AA9D-F20A5CCC614B}
	EndGlobalSection
	GlobalSection(ExtensibilityGlobals) = postSolution
		SolutionGuid = {73E01B0C-E729-40B7-82E6-9ADDE7D7E964}
	EndGlobalSection
EndGlobal
